
Microsoft Visual Studio Solution File, Format Version 12.00
# Visual Studio 15
VisualStudioVersion = 15.0.26403.3
MinimumVisualStudioVersion = 10.0.40219.1
Project("{FAE04EC0-301F-11D3-BF4B-00C04F79EFBC}") = "Parts", "Parts\Parts.csproj", "{75A99326-EFBC-4CB3-AEE9-B93AC6CC965D}"
EndProject
Global
	GlobalSection(SolutionConfigurationPlatforms) = preSolution
		Debug|Any CPU = Debug|Any CPU
		Release|Any CPU = Release|Any CPU
	EndGlobalSection
	GlobalSection(ProjectConfigurationPlatforms) = postSolution
		{75A99326-EFBC-4CB3-AEE9-B93AC6CC965D}.Debug|Any CPU.ActiveCfg = Debug|Any CPU
		{75A99326-EFBC-4CB3-AEE9-B93AC6CC965D}.Debug|Any CPU.Build.0 = Debug|Any CPU
		{75A99326-EFBC-4CB3-AEE9-B93AC6CC965D}.Release|Any CPU.ActiveCfg = Release|Any CPU
		{75A99326-EFBC-4CB3-AEE9-B93AC6CC965D}.Release|Any CPU.Build.0 = Release|Any CPU
	EndGlobalSection
	GlobalSection(SolutionProperties) = preSolution
		HideSolutionNode = FALSE
	EndGlobalSection
EndGlobal
